
Microsoft Visual Studio Solution File, Format Version 12.00
# Visual Studio Version 16
VisualStudioVersion = 16.0.29503.13
MinimumVisualStudioVersion = 10.0.40219.1
Project("{FAE04EC0-301F-11D3-BF4B-00C04F79EFBC}") = "2 - itext7", "2 - itext7\2 - itext7.csproj", "{72D9FB02-C30F-4FE6-A7EA-0C9565CDC27E}"
EndProject
Project("{FAE04EC0-301F-11D3-BF4B-00C04F79EFBC}") = "1 - QRCoder", "1 - QRCoder\1 - QRCoder.csproj", "{6C2F3A26-F018-4FF4-90D9-A40E13AE29FB}"
EndProject
Global
	GlobalSection(SolutionConfigurationPlatforms) = preSolution
		Debug|Any CPU = Debug|Any CPU
		Release|Any CPU = Release|Any CPU
	EndGlobalSection
	GlobalSection(ProjectConfigurationPlatforms) = postSolution
		{72D9FB02-C30F-4FE6-A7EA-0C9565CDC27E}.Debug|Any CPU.ActiveCfg = Debug|Any CPU
		{72D9FB02-C30F-4FE6-A7EA-0C9565CDC27E}.Debug|Any CPU.Build.0 = Debug|Any CPU
		{72D9FB02-C30F-4FE6-A7EA-0C9565CDC27E}.Release|Any CPU.ActiveCfg = Release|Any CPU
		{72D9FB02-C30F-4FE6-A7EA-0C9565CDC27E}.Release|Any CPU.Build.0 = Release|Any CPU
		{6C2F3A26-F018-4FF4-90D9-A40E13AE29FB}.Debug|Any CPU.ActiveCfg = Debug|Any CPU
		{6C2F3A26-F018-4FF4-90D9-A40E13AE29FB}.Debug|Any CPU.Build.0 = Debug|Any CPU
		{6C2F3A26-F018-4FF4-90D9-A40E13AE29FB}.Release|Any CPU.ActiveCfg = Release|Any CPU
		{6C2F3A26-F018-4FF4-90D9-A40E13AE29FB}.Release|Any CPU.Build.0 = Release|Any CPU
	EndGlobalSection
	GlobalSection(SolutionProperties) = preSolution
		HideSolutionNode = FALSE
	EndGlobalSection
	GlobalSection(ExtensibilityGlobals) = postSolution
		SolutionGuid = {5B65C6EF-ADBE-4429-AE05-34AF8C4410B0}
	EndGlobalSection
EndGlobal
